// !$*UTF8*$!
{
	archiveVersion = 1;
	classes = {
	};
	objectVersion = 48;
	objects = {

/* Begin PBXBuildFile section */
		0949402906F9718EA30749A7 /* Pods_CashMeOutsideUITests.framework in Frameworks */ = {isa = PBXBuildFile; fileRef = 4628982DAA68960171B3CA86 /* Pods_CashMeOutsideUITests.framework */; };
		5F73576846E648B82C7DBEDC /* Pods_CashMeOutside.framework in Frameworks */ = {isa = PBXBuildFile; fileRef = 0B9941041AE36EA3835EDB5A /* Pods_CashMeOutside.framework */; };
		7B13EABE6F752F031F39DD4E /* Pods_CashMeOutsideTests.framework in Frameworks */ = {isa = PBXBuildFile; fileRef = F23B37021569F889A72ACEF2 /* Pods_CashMeOutsideTests.framework */; };
		F8429F7C203036BF003B71BC /* RequestAViewController.swift in Sources */ = {isa = PBXBuildFile; fileRef = F8429F7B203036BF003B71BC /* RequestAViewController.swift */; };
		F8429F7E20303AB8003B71BC /* MMSlidingButton.swift in Sources */ = {isa = PBXBuildFile; fileRef = F8429F7D20303AB8003B71BC /* MMSlidingButton.swift */; };
		F8429F802030617E003B71BC /* MyRoundButton.swift in Sources */ = {isa = PBXBuildFile; fileRef = F8429F7F2030617E003B71BC /* MyRoundButton.swift */; };
		F88E5122202FAFFF00C06E12 /* AppDelegate.swift in Sources */ = {isa = PBXBuildFile; fileRef = F88E5121202FAFFF00C06E12 /* AppDelegate.swift */; };
		F88E5127202FAFFF00C06E12 /* Main.storyboard in Resources */ = {isa = PBXBuildFile; fileRef = F88E5125202FAFFF00C06E12 /* Main.storyboard */; };
		F88E5129202FAFFF00C06E12 /* Assets.xcassets in Resources */ = {isa = PBXBuildFile; fileRef = F88E5128202FAFFF00C06E12 /* Assets.xcassets */; };
		F88E512C202FAFFF00C06E12 /* LaunchScreen.storyboard in Resources */ = {isa = PBXBuildFile; fileRef = F88E512A202FAFFF00C06E12 /* LaunchScreen.storyboard */; };
		F88E5137202FB00000C06E12 /* CashMeOutsideTests.swift in Sources */ = {isa = PBXBuildFile; fileRef = F88E5136202FB00000C06E12 /* CashMeOutsideTests.swift */; };
		F88E5142202FB00000C06E12 /* CashMeOutsideUITests.swift in Sources */ = {isa = PBXBuildFile; fileRef = F88E5141202FB00000C06E12 /* CashMeOutsideUITests.swift */; };
		F88E5150202FB0DC00C06E12 /* InitialViewController.swift in Sources */ = {isa = PBXBuildFile; fileRef = F88E514F202FB0DC00C06E12 /* InitialViewController.swift */; };
		F88E5153202FB11D00C06E12 /* AmountCashViewController.swift in Sources */ = {isa = PBXBuildFile; fileRef = F88E5152202FB11D00C06E12 /* AmountCashViewController.swift */; };
		F88E5157202FB4D800C06E12 /* MapViewController.swift in Sources */ = {isa = PBXBuildFile; fileRef = F88E5156202FB4D800C06E12 /* MapViewController.swift */; };
		F88E5159202FEE8B00C06E12 /* GoogleService-Info.plist in Resources */ = {isa = PBXBuildFile; fileRef = F88E5158202FEE8B00C06E12 /* GoogleService-Info.plist */; };
		F88E515B202FFF0100C06E12 /* LoadingPageViewController.swift in Sources */ = {isa = PBXBuildFile; fileRef = F88E515A202FFF0100C06E12 /* LoadingPageViewController.swift */; };
		F88E515D2030188000C06E12 /* AcceptedViewController.swift in Sources */ = {isa = PBXBuildFile; fileRef = F88E515C2030188000C06E12 /* AcceptedViewController.swift */; };
/* End PBXBuildFile section */

/* Begin PBXContainerItemProxy section */
		F88E5133202FB00000C06E12 /* PBXContainerItemProxy */ = {
			isa = PBXContainerItemProxy;
			containerPortal = F88E5116202FAFFF00C06E12 /* Project object */;
			proxyType = 1;
			remoteGlobalIDString = F88E511D202FAFFF00C06E12;
			remoteInfo = CashMeOutside;
		};
		F88E513E202FB00000C06E12 /* PBXContainerItemProxy */ = {
			isa = PBXContainerItemProxy;
			containerPortal = F88E5116202FAFFF00C06E12 /* Project object */;
			proxyType = 1;
			remoteGlobalIDString = F88E511D202FAFFF00C06E12;
			remoteInfo = CashMeOutside;
		};
/* End PBXContainerItemProxy section */

/* Begin PBXFileReference section */
		08485796D2D9DC698EE4E439 /* Pods-CashMeOutsideUITests.debug.xcconfig */ = {isa = PBXFileReference; includeInIndex = 1; lastKnownFileType = text.xcconfig; name = "Pods-CashMeOutsideUITests.debug.xcconfig"; path = "Pods/Target Support Files/Pods-CashMeOutsideUITests/Pods-CashMeOutsideUITests.debug.xcconfig"; sourceTree = "<group>"; };
		0B9941041AE36EA3835EDB5A /* Pods_CashMeOutside.framework */ = {isa = PBXFileReference; explicitFileType = wrapper.framework; includeInIndex = 0; path = Pods_CashMeOutside.framework; sourceTree = BUILT_PRODUCTS_DIR; };
		1B0FBA495D95ADED03D95F10 /* Pods-CashMeOutsideTests.debug.xcconfig */ = {isa = PBXFileReference; includeInIndex = 1; lastKnownFileType = text.xcconfig; name = "Pods-CashMeOutsideTests.debug.xcconfig"; path = "Pods/Target Support Files/Pods-CashMeOutsideTests/Pods-CashMeOutsideTests.debug.xcconfig"; sourceTree = "<group>"; };
		4628982DAA68960171B3CA86 /* Pods_CashMeOutsideUITests.framework */ = {isa = PBXFileReference; explicitFileType = wrapper.framework; includeInIndex = 0; path = Pods_CashMeOutsideUITests.framework; sourceTree = BUILT_PRODUCTS_DIR; };
		664604166BDFAF131D6526FA /* Pods-CashMeOutsideUITests.release.xcconfig */ = {isa = PBXFileReference; includeInIndex = 1; lastKnownFileType = text.xcconfig; name = "Pods-CashMeOutsideUITests.release.xcconfig"; path = "Pods/Target Support Files/Pods-CashMeOutsideUITests/Pods-CashMeOutsideUITests.release.xcconfig"; sourceTree = "<group>"; };
		67434D55DE28D9F4450F42E5 /* Pods-CashMeOutside.release.xcconfig */ = {isa = PBXFileReference; includeInIndex = 1; lastKnownFileType = text.xcconfig; name = "Pods-CashMeOutside.release.xcconfig"; path = "Pods/Target Support Files/Pods-CashMeOutside/Pods-CashMeOutside.release.xcconfig"; sourceTree = "<group>"; };
		A40D1292C771EADEE6C9BFBA /* Pods-CashMeOutsideTests.release.xcconfig */ = {isa = PBXFileReference; includeInIndex = 1; lastKnownFileType = text.xcconfig; name = "Pods-CashMeOutsideTests.release.xcconfig"; path = "Pods/Target Support Files/Pods-CashMeOutsideTests/Pods-CashMeOutsideTests.release.xcconfig"; sourceTree = "<group>"; };
		DD1B1414D39385ED3918D817 /* Pods-CashMeOutside.debug.xcconfig */ = {isa = PBXFileReference; includeInIndex = 1; lastKnownFileType = text.xcconfig; name = "Pods-CashMeOutside.debug.xcconfig"; path = "Pods/Target Support Files/Pods-CashMeOutside/Pods-CashMeOutside.debug.xcconfig"; sourceTree = "<group>"; };
		F23B37021569F889A72ACEF2 /* Pods_CashMeOutsideTests.framework */ = {isa = PBXFileReference; explicitFileType = wrapper.framework; includeInIndex = 0; path = Pods_CashMeOutsideTests.framework; sourceTree = BUILT_PRODUCTS_DIR; };
		F8429F7B203036BF003B71BC /* RequestAViewController.swift */ = {isa = PBXFileReference; lastKnownFileType = sourcecode.swift; path = RequestAViewController.swift; sourceTree = "<group>"; };
		F8429F7D20303AB8003B71BC /* MMSlidingButton.swift */ = {isa = PBXFileReference; fileEncoding = 4; lastKnownFileType = sourcecode.swift; path = MMSlidingButton.swift; sourceTree = "<group>"; };
		F8429F7F2030617E003B71BC /* MyRoundButton.swift */ = {isa = PBXFileReference; lastKnownFileType = sourcecode.swift; path = MyRoundButton.swift; sourceTree = "<group>"; };
		F88E511E202FAFFF00C06E12 /* CashMeOutside.app */ = {isa = PBXFileReference; explicitFileType = wrapper.application; includeInIndex = 0; path = CashMeOutside.app; sourceTree = BUILT_PRODUCTS_DIR; };
		F88E5121202FAFFF00C06E12 /* AppDelegate.swift */ = {isa = PBXFileReference; lastKnownFileType = sourcecode.swift; path = AppDelegate.swift; sourceTree = "<group>"; };
		F88E5126202FAFFF00C06E12 /* Base */ = {isa = PBXFileReference; lastKnownFileType = file.storyboard; name = Base; path = Base.lproj/Main.storyboard; sourceTree = "<group>"; };
		F88E5128202FAFFF00C06E12 /* Assets.xcassets */ = {isa = PBXFileReference; lastKnownFileType = folder.assetcatalog; path = Assets.xcassets; sourceTree = "<group>"; };
		F88E512B202FAFFF00C06E12 /* Base */ = {isa = PBXFileReference; lastKnownFileType = file.storyboard; name = Base; path = Base.lproj/LaunchScreen.storyboard; sourceTree = "<group>"; };
		F88E512D202FAFFF00C06E12 /* Info.plist */ = {isa = PBXFileReference; lastKnownFileType = text.plist.xml; path = Info.plist; sourceTree = "<group>"; };
		F88E5132202FB00000C06E12 /* CashMeOutsideTests.xctest */ = {isa = PBXFileReference; explicitFileType = wrapper.cfbundle; includeInIndex = 0; path = CashMeOutsideTests.xctest; sourceTree = BUILT_PRODUCTS_DIR; };
		F88E5136202FB00000C06E12 /* CashMeOutsideTests.swift */ = {isa = PBXFileReference; lastKnownFileType = sourcecode.swift; path = CashMeOutsideTests.swift; sourceTree = "<group>"; };
		F88E5138202FB00000C06E12 /* Info.plist */ = {isa = PBXFileReference; lastKnownFileType = text.plist.xml; path = Info.plist; sourceTree = "<group>"; };
		F88E513D202FB00000C06E12 /* CashMeOutsideUITests.xctest */ = {isa = PBXFileReference; explicitFileType = wrapper.cfbundle; includeInIndex = 0; path = CashMeOutsideUITests.xctest; sourceTree = BUILT_PRODUCTS_DIR; };
		F88E5141202FB00000C06E12 /* CashMeOutsideUITests.swift */ = {isa = PBXFileReference; lastKnownFileType = sourcecode.swift; path = CashMeOutsideUITests.swift; sourceTree = "<group>"; };
		F88E5143202FB00000C06E12 /* Info.plist */ = {isa = PBXFileReference; lastKnownFileType = text.plist.xml; path = Info.plist; sourceTree = "<group>"; };
		F88E514F202FB0DC00C06E12 /* InitialViewController.swift */ = {isa = PBXFileReference; lastKnownFileType = sourcecode.swift; path = InitialViewController.swift; sourceTree = "<group>"; };
		F88E5152202FB11D00C06E12 /* AmountCashViewController.swift */ = {isa = PBXFileReference; lastKnownFileType = sourcecode.swift; path = AmountCashViewController.swift; sourceTree = "<group>"; };
		F88E5156202FB4D800C06E12 /* MapViewController.swift */ = {isa = PBXFileReference; lastKnownFileType = sourcecode.swift; path = MapViewController.swift; sourceTree = "<group>"; };
		F88E5158202FEE8B00C06E12 /* GoogleService-Info.plist */ = {isa = PBXFileReference; fileEncoding = 4; lastKnownFileType = text.plist.xml; path = "GoogleService-Info.plist"; sourceTree = "<group>"; };
		F88E515A202FFF0100C06E12 /* LoadingPageViewController.swift */ = {isa = PBXFileReference; lastKnownFileType = sourcecode.swift; path = LoadingPageViewController.swift; sourceTree = "<group>"; };
		F88E515C2030188000C06E12 /* AcceptedViewController.swift */ = {isa = PBXFileReference; lastKnownFileType = sourcecode.swift; path = AcceptedViewController.swift; sourceTree = "<group>"; };
/* End PBXFileReference section */

/* Begin PBXFrameworksBuildPhase section */
		F88E511B202FAFFF00C06E12 /* Frameworks */ = {
			isa = PBXFrameworksBuildPhase;
			buildActionMask = 2147483647;
			files = (
				5F73576846E648B82C7DBEDC /* Pods_CashMeOutside.framework in Frameworks */,
			);
			runOnlyForDeploymentPostprocessing = 0;
		};
		F88E512F202FB00000C06E12 /* Frameworks */ = {
			isa = PBXFrameworksBuildPhase;
			buildActionMask = 2147483647;
			files = (
				7B13EABE6F752F031F39DD4E /* Pods_CashMeOutsideTests.framework in Frameworks */,
			);
			runOnlyForDeploymentPostprocessing = 0;
		};
		F88E513A202FB00000C06E12 /* Frameworks */ = {
			isa = PBXFrameworksBuildPhase;
			buildActionMask = 2147483647;
			files = (
				0949402906F9718EA30749A7 /* Pods_CashMeOutsideUITests.framework in Frameworks */,
			);
			runOnlyForDeploymentPostprocessing = 0;
		};
/* End PBXFrameworksBuildPhase section */

/* Begin PBXGroup section */
		8F70DF22EA2627F1A50C2B52 /* Frameworks */ = {
			isa = PBXGroup;
			children = (
				0B9941041AE36EA3835EDB5A /* Pods_CashMeOutside.framework */,
				F23B37021569F889A72ACEF2 /* Pods_CashMeOutsideTests.framework */,
				4628982DAA68960171B3CA86 /* Pods_CashMeOutsideUITests.framework */,
			);
			name = Frameworks;
			sourceTree = "<group>";
		};
		E8E83080728E24F1EC224CD1 /* Pods */ = {
			isa = PBXGroup;
			children = (
				DD1B1414D39385ED3918D817 /* Pods-CashMeOutside.debug.xcconfig */,
				67434D55DE28D9F4450F42E5 /* Pods-CashMeOutside.release.xcconfig */,
				1B0FBA495D95ADED03D95F10 /* Pods-CashMeOutsideTests.debug.xcconfig */,
				A40D1292C771EADEE6C9BFBA /* Pods-CashMeOutsideTests.release.xcconfig */,
				08485796D2D9DC698EE4E439 /* Pods-CashMeOutsideUITests.debug.xcconfig */,
				664604166BDFAF131D6526FA /* Pods-CashMeOutsideUITests.release.xcconfig */,
			);
			name = Pods;
			sourceTree = "<group>";
		};
		F88E5115202FAFFF00C06E12 = {
			isa = PBXGroup;
			children = (
				F88E5120202FAFFF00C06E12 /* CashMeOutside */,
				F88E5135202FB00000C06E12 /* CashMeOutsideTests */,
				F88E5140202FB00000C06E12 /* CashMeOutsideUITests */,
				F88E511F202FAFFF00C06E12 /* Products */,
				E8E83080728E24F1EC224CD1 /* Pods */,
				8F70DF22EA2627F1A50C2B52 /* Frameworks */,
			);
			sourceTree = "<group>";
		};
		F88E511F202FAFFF00C06E12 /* Products */ = {
			isa = PBXGroup;
			children = (
				F88E511E202FAFFF00C06E12 /* CashMeOutside.app */,
				F88E5132202FB00000C06E12 /* CashMeOutsideTests.xctest */,
				F88E513D202FB00000C06E12 /* CashMeOutsideUITests.xctest */,
			);
			name = Products;
			sourceTree = "<group>";
		};
		F88E5120202FAFFF00C06E12 /* CashMeOutside */ = {
			isa = PBXGroup;
			children = (
				F88E5151202FB0E400C06E12 /* View Controller */,
				F88E5121202FAFFF00C06E12 /* AppDelegate.swift */,
				F8429F7D20303AB8003B71BC /* MMSlidingButton.swift */,
				F88E5125202FAFFF00C06E12 /* Main.storyboard */,
				F88E5128202FAFFF00C06E12 /* Assets.xcassets */,
				F88E512A202FAFFF00C06E12 /* LaunchScreen.storyboard */,
				F88E5158202FEE8B00C06E12 /* GoogleService-Info.plist */,
				F88E512D202FAFFF00C06E12 /* Info.plist */,
			);
			path = CashMeOutside;
			sourceTree = "<group>";
		};
		F88E5135202FB00000C06E12 /* CashMeOutsideTests */ = {
			isa = PBXGroup;
			children = (
				F88E5136202FB00000C06E12 /* CashMeOutsideTests.swift */,
				F88E5138202FB00000C06E12 /* Info.plist */,
			);
			path = CashMeOutsideTests;
			sourceTree = "<group>";
		};
		F88E5140202FB00000C06E12 /* CashMeOutsideUITests */ = {
			isa = PBXGroup;
			children = (
				F88E5141202FB00000C06E12 /* CashMeOutsideUITests.swift */,
				F88E5143202FB00000C06E12 /* Info.plist */,
			);
			path = CashMeOutsideUITests;
			sourceTree = "<group>";
		};
		F88E5151202FB0E400C06E12 /* View Controller */ = {
			isa = PBXGroup;
			children = (
				F88E514F202FB0DC00C06E12 /* InitialViewController.swift */,
				F88E5152202FB11D00C06E12 /* AmountCashViewController.swift */,
				F88E5156202FB4D800C06E12 /* MapViewController.swift */,
				F88E515A202FFF0100C06E12 /* LoadingPageViewController.swift */,
				F88E515C2030188000C06E12 /* AcceptedViewController.swift */,
				F8429F7B203036BF003B71BC /* RequestAViewController.swift */,
				F8429F7F2030617E003B71BC /* MyRoundButton.swift */,
			);
			path = "View Controller";
			sourceTree = "<group>";
		};
/* End PBXGroup section */

/* Begin PBXNativeTarget section */
		F88E511D202FAFFF00C06E12 /* CashMeOutside */ = {
			isa = PBXNativeTarget;
			buildConfigurationList = F88E5146202FB00000C06E12 /* Build configuration list for PBXNativeTarget "CashMeOutside" */;
			buildPhases = (
				0D91F91F1BFEDD43A93DAC06 /* [CP] Check Pods Manifest.lock */,
				F88E511A202FAFFF00C06E12 /* Sources */,
				F88E511B202FAFFF00C06E12 /* Frameworks */,
				F88E511C202FAFFF00C06E12 /* Resources */,
				C5D9CFB3E3CEA7DB18761A49 /* [CP] Embed Pods Frameworks */,
				7219EE1E6FC6286933C4D9ED /* [CP] Copy Pods Resources */,
			);
			buildRules = (
			);
			dependencies = (
			);
			name = CashMeOutside;
			productName = CashMeOutside;
			productReference = F88E511E202FAFFF00C06E12 /* CashMeOutside.app */;
			productType = "com.apple.product-type.application";
		};
		F88E5131202FB00000C06E12 /* CashMeOutsideTests */ = {
			isa = PBXNativeTarget;
			buildConfigurationList = F88E5149202FB00000C06E12 /* Build configuration list for PBXNativeTarget "CashMeOutsideTests" */;
			buildPhases = (
				C8ABAE2DC773E291149D283E /* [CP] Check Pods Manifest.lock */,
				F88E512E202FB00000C06E12 /* Sources */,
				F88E512F202FB00000C06E12 /* Frameworks */,
				F88E5130202FB00000C06E12 /* Resources */,
				54D4D9018716421A6CAE2138 /* [CP] Embed Pods Frameworks */,
				158ABB78B39971F5C03FB2BB /* [CP] Copy Pods Resources */,
			);
			buildRules = (
			);
			dependencies = (
				F88E5134202FB00000C06E12 /* PBXTargetDependency */,
			);
			name = CashMeOutsideTests;
			productName = CashMeOutsideTests;
			productReference = F88E5132202FB00000C06E12 /* CashMeOutsideTests.xctest */;
			productType = "com.apple.product-type.bundle.unit-test";
		};
		F88E513C202FB00000C06E12 /* CashMeOutsideUITests */ = {
			isa = PBXNativeTarget;
			buildConfigurationList = F88E514C202FB00000C06E12 /* Build configuration list for PBXNativeTarget "CashMeOutsideUITests" */;
			buildPhases = (
				57223AFEFEDB8A8E285F6224 /* [CP] Check Pods Manifest.lock */,
				F88E5139202FB00000C06E12 /* Sources */,
				F88E513A202FB00000C06E12 /* Frameworks */,
				F88E513B202FB00000C06E12 /* Resources */,
				782EF49B4F3E9B6A9817E770 /* [CP] Embed Pods Frameworks */,
				17B45089695561D5028FD5BD /* [CP] Copy Pods Resources */,
			);
			buildRules = (
			);
			dependencies = (
				F88E513F202FB00000C06E12 /* PBXTargetDependency */,
			);
			name = CashMeOutsideUITests;
			productName = CashMeOutsideUITests;
			productReference = F88E513D202FB00000C06E12 /* CashMeOutsideUITests.xctest */;
			productType = "com.apple.product-type.bundle.ui-testing";
		};
/* End PBXNativeTarget section */

/* Begin PBXProject section */
		F88E5116202FAFFF00C06E12 /* Project object */ = {
			isa = PBXProject;
			attributes = {
				LastSwiftUpdateCheck = 0920;
				LastUpgradeCheck = 0920;
				ORGANIZATIONNAME = "Anish Adhikari";
				TargetAttributes = {
					F88E511D202FAFFF00C06E12 = {
						CreatedOnToolsVersion = 9.2;
						ProvisioningStyle = Automatic;
					};
					F88E5131202FB00000C06E12 = {
						CreatedOnToolsVersion = 9.2;
						ProvisioningStyle = Automatic;
						TestTargetID = F88E511D202FAFFF00C06E12;
					};
					F88E513C202FB00000C06E12 = {
						CreatedOnToolsVersion = 9.2;
						ProvisioningStyle = Automatic;
						TestTargetID = F88E511D202FAFFF00C06E12;
					};
				};
			};
			buildConfigurationList = F88E5119202FAFFF00C06E12 /* Build configuration list for PBXProject "CashMeOutside" */;
			compatibilityVersion = "Xcode 8.0";
			developmentRegion = en;
			hasScannedForEncodings = 0;
			knownRegions = (
				en,
				Base,
			);
			mainGroup = F88E5115202FAFFF00C06E12;
			productRefGroup = F88E511F202FAFFF00C06E12 /* Products */;
			projectDirPath = "";
			projectRoot = "";
			targets = (
				F88E511D202FAFFF00C06E12 /* CashMeOutside */,
				F88E5131202FB00000C06E12 /* CashMeOutsideTests */,
				F88E513C202FB00000C06E12 /* CashMeOutsideUITests */,
			);
		};
/* End PBXProject section */

/* Begin PBXResourcesBuildPhase section */
		F88E511C202FAFFF00C06E12 /* Resources */ = {
			isa = PBXResourcesBuildPhase;
			buildActionMask = 2147483647;
			files = (
				F88E512C202FAFFF00C06E12 /* LaunchScreen.storyboard in Resources */,
				F88E5159202FEE8B00C06E12 /* GoogleService-Info.plist in Resources */,
				F88E5129202FAFFF00C06E12 /* Assets.xcassets in Resources */,
				F88E5127202FAFFF00C06E12 /* Main.storyboard in Resources */,
			);
			runOnlyForDeploymentPostprocessing = 0;
		};
		F88E5130202FB00000C06E12 /* Resources */ = {
			isa = PBXResourcesBuildPhase;
			buildActionMask = 2147483647;
			files = (
			);
			runOnlyForDeploymentPostprocessing = 0;
		};
		F88E513B202FB00000C06E12 /* Resources */ = {
			isa = PBXResourcesBuildPhase;
			buildActionMask = 2147483647;
			files = (
			);
			runOnlyForDeploymentPostprocessing = 0;
		};
/* End PBXResourcesBuildPhase section */

/* Begin PBXShellScriptBuildPhase section */
		0D91F91F1BFEDD43A93DAC06 /* [CP] Check Pods Manifest.lock */ = {
			isa = PBXShellScriptBuildPhase;
			buildActionMask = 2147483647;
			files = (
			);
			inputPaths = (
				"${PODS_PODFILE_DIR_PATH}/Podfile.lock",
				"${PODS_ROOT}/Manifest.lock",
			);
			name = "[CP] Check Pods Manifest.lock";
			outputPaths = (
				"$(DERIVED_FILE_DIR)/Pods-CashMeOutside-checkManifestLockResult.txt",
			);
			runOnlyForDeploymentPostprocessing = 0;
			shellPath = /bin/sh;
			shellScript = "diff \"${PODS_PODFILE_DIR_PATH}/Podfile.lock\" \"${PODS_ROOT}/Manifest.lock\" > /dev/null\nif [ $? != 0 ] ; then\n    # print error to STDERR\n    echo \"error: The sandbox is not in sync with the Podfile.lock. Run 'pod install' or update your CocoaPods installation.\" >&2\n    exit 1\nfi\n# This output is used by Xcode 'outputs' to avoid re-running this script phase.\necho \"SUCCESS\" > \"${SCRIPT_OUTPUT_FILE_0}\"\n";
			showEnvVarsInLog = 0;
		};
		158ABB78B39971F5C03FB2BB /* [CP] Copy Pods Resources */ = {
			isa = PBXShellScriptBuildPhase;
			buildActionMask = 2147483647;
			files = (
			);
			inputPaths = (
			);
			name = "[CP] Copy Pods Resources";
			outputPaths = (
			);
			runOnlyForDeploymentPostprocessing = 0;
			shellPath = /bin/sh;
			shellScript = "\"${SRCROOT}/Pods/Target Support Files/Pods-CashMeOutsideTests/Pods-CashMeOutsideTests-resources.sh\"\n";
			showEnvVarsInLog = 0;
		};
		17B45089695561D5028FD5BD /* [CP] Copy Pods Resources */ = {
			isa = PBXShellScriptBuildPhase;
			buildActionMask = 2147483647;
			files = (
			);
			inputPaths = (
			);
			name = "[CP] Copy Pods Resources";
			outputPaths = (
			);
			runOnlyForDeploymentPostprocessing = 0;
			shellPath = /bin/sh;
			shellScript = "\"${SRCROOT}/Pods/Target Support Files/Pods-CashMeOutsideUITests/Pods-CashMeOutsideUITests-resources.sh\"\n";
			showEnvVarsInLog = 0;
		};
		54D4D9018716421A6CAE2138 /* [CP] Embed Pods Frameworks */ = {
			isa = PBXShellScriptBuildPhase;
			buildActionMask = 2147483647;
			files = (
			);
			inputPaths = (
			);
			name = "[CP] Embed Pods Frameworks";
			outputPaths = (
			);
			runOnlyForDeploymentPostprocessing = 0;
			shellPath = /bin/sh;
			shellScript = "\"${SRCROOT}/Pods/Target Support Files/Pods-CashMeOutsideTests/Pods-CashMeOutsideTests-frameworks.sh\"\n";
			showEnvVarsInLog = 0;
		};
		57223AFEFEDB8A8E285F6224 /* [CP] Check Pods Manifest.lock */ = {
			isa = PBXShellScriptBuildPhase;
			buildActionMask = 2147483647;
			files = (
			);
			inputPaths = (
				"${PODS_PODFILE_DIR_PATH}/Podfile.lock",
				"${PODS_ROOT}/Manifest.lock",
			);
			name = "[CP] Check Pods Manifest.lock";
			outputPaths = (
				"$(DERIVED_FILE_DIR)/Pods-CashMeOutsideUITests-checkManifestLockResult.txt",
			);
			runOnlyForDeploymentPostprocessing = 0;
			shellPath = /bin/sh;
			shellScript = "diff \"${PODS_PODFILE_DIR_PATH}/Podfile.lock\" \"${PODS_ROOT}/Manifest.lock\" > /dev/null\nif [ $? != 0 ] ; then\n    # print error to STDERR\n    echo \"error: The sandbox is not in sync with the Podfile.lock. Run 'pod install' or update your CocoaPods installation.\" >&2\n    exit 1\nfi\n# This output is used by Xcode 'outputs' to avoid re-running this script phase.\necho \"SUCCESS\" > \"${SCRIPT_OUTPUT_FILE_0}\"\n";
			showEnvVarsInLog = 0;
		};
		7219EE1E6FC6286933C4D9ED /* [CP] Copy Pods Resources */ = {
			isa = PBXShellScriptBuildPhase;
			buildActionMask = 2147483647;
			files = (
			);
			inputPaths = (
				"${SRCROOT}/Pods/Target Support Files/Pods-CashMeOutside/Pods-CashMeOutside-resources.sh",
				"${PODS_ROOT}/GoogleMaps/Maps/Frameworks/GoogleMaps.framework/Resources/GoogleMaps.bundle",
				"${PODS_ROOT}/GooglePlaces/Frameworks/GooglePlaces.framework/Resources/GooglePlaces.bundle",
			);
			name = "[CP] Copy Pods Resources";
			outputPaths = (
				"${TARGET_BUILD_DIR}/${UNLOCALIZED_RESOURCES_FOLDER_PATH}",
			);
			runOnlyForDeploymentPostprocessing = 0;
			shellPath = /bin/sh;
			shellScript = "\"${SRCROOT}/Pods/Target Support Files/Pods-CashMeOutside/Pods-CashMeOutside-resources.sh\"\n";
			showEnvVarsInLog = 0;
		};
		782EF49B4F3E9B6A9817E770 /* [CP] Embed Pods Frameworks */ = {
			isa = PBXShellScriptBuildPhase;
			buildActionMask = 2147483647;
			files = (
			);
			inputPaths = (
			);
			name = "[CP] Embed Pods Frameworks";
			outputPaths = (
			);
			runOnlyForDeploymentPostprocessing = 0;
			shellPath = /bin/sh;
			shellScript = "\"${SRCROOT}/Pods/Target Support Files/Pods-CashMeOutsideUITests/Pods-CashMeOutsideUITests-frameworks.sh\"\n";
			showEnvVarsInLog = 0;
		};
		C5D9CFB3E3CEA7DB18761A49 /* [CP] Embed Pods Frameworks */ = {
			isa = PBXShellScriptBuildPhase;
			buildActionMask = 2147483647;
			files = (
			);
			inputPaths = (
				"${SRCROOT}/Pods/Target Support Files/Pods-CashMeOutside/Pods-CashMeOutside-frameworks.sh",
				"${BUILT_PRODUCTS_DIR}/GoogleToolboxForMac/GoogleToolboxForMac.framework",
				"${BUILT_PRODUCTS_DIR}/leveldb-library/leveldb.framework",
				"${BUILT_PRODUCTS_DIR}/nanopb/nanopb.framework",
			);
			name = "[CP] Embed Pods Frameworks";
			outputPaths = (
				"${TARGET_BUILD_DIR}/${FRAMEWORKS_FOLDER_PATH}/GoogleToolboxForMac.framework",
				"${TARGET_BUILD_DIR}/${FRAMEWORKS_FOLDER_PATH}/leveldb.framework",
				"${TARGET_BUILD_DIR}/${FRAMEWORKS_FOLDER_PATH}/nanopb.framework",
			);
			runOnlyForDeploymentPostprocessing = 0;
			shellPath = /bin/sh;
			shellScript = "\"${SRCROOT}/Pods/Target Support Files/Pods-CashMeOutside/Pods-CashMeOutside-frameworks.sh\"\n";
			showEnvVarsInLog = 0;
		};
		C8ABAE2DC773E291149D283E /* [CP] Check Pods Manifest.lock */ = {
			isa = PBXShellScriptBuildPhase;
			buildActionMask = 2147483647;
			files = (
			);
			inputPaths = (
				"${PODS_PODFILE_DIR_PATH}/Podfile.lock",
				"${PODS_ROOT}/Manifest.lock",
			);
			name = "[CP] Check Pods Manifest.lock";
			outputPaths = (
				"$(DERIVED_FILE_DIR)/Pods-CashMeOutsideTests-checkManifestLockResult.txt",
			);
			runOnlyForDeploymentPostprocessing = 0;
			shellPath = /bin/sh;
			shellScript = "diff \"${PODS_PODFILE_DIR_PATH}/Podfile.lock\" \"${PODS_ROOT}/Manifest.lock\" > /dev/null\nif [ $? != 0 ] ; then\n    # print error to STDERR\n    echo \"error: The sandbox is not in sync with the Podfile.lock. Run 'pod install' or update your CocoaPods installation.\" >&2\n    exit 1\nfi\n# This output is used by Xcode 'outputs' to avoid re-running this script phase.\necho \"SUCCESS\" > \"${SCRIPT_OUTPUT_FILE_0}\"\n";
			showEnvVarsInLog = 0;
		};
/* End PBXShellScriptBuildPhase section */

/* Begin PBXSourcesBuildPhase section */
		F88E511A202FAFFF00C06E12 /* Sources */ = {
			isa = PBXSourcesBuildPhase;
			buildActionMask = 2147483647;
			files = (
				F8429F7E20303AB8003B71BC /* MMSlidingButton.swift in Sources */,
				F88E5122202FAFFF00C06E12 /* AppDelegate.swift in Sources */,
				F88E515D2030188000C06E12 /* AcceptedViewController.swift in Sources */,
				F88E5153202FB11D00C06E12 /* AmountCashViewController.swift in Sources */,
				F88E5157202FB4D800C06E12 /* MapViewController.swift in Sources */,
				F88E515B202FFF0100C06E12 /* LoadingPageViewController.swift in Sources */,
				F8429F802030617E003B71BC /* MyRoundButton.swift in Sources */,
				F8429F7C203036BF003B71BC /* RequestAViewController.swift in Sources */,
				F88E5150202FB0DC00C06E12 /* InitialViewController.swift in Sources */,
			);
			runOnlyForDeploymentPostprocessing = 0;
		};
		F88E512E202FB00000C06E12 /* Sources */ = {
			isa = PBXSourcesBuildPhase;
			buildActionMask = 2147483647;
			files = (
				F88E5137202FB00000C06E12 /* CashMeOutsideTests.swift in Sources */,
			);
			runOnlyForDeploymentPostprocessing = 0;
		};
		F88E5139202FB00000C06E12 /* Sources */ = {
			isa = PBXSourcesBuildPhase;
			buildActionMask = 2147483647;
			files = (
				F88E5142202FB00000C06E12 /* CashMeOutsideUITests.swift in Sources */,
			);
			runOnlyForDeploymentPostprocessing = 0;
		};
/* End PBXSourcesBuildPhase section */

/* Begin PBXTargetDependency section */
		F88E5134202FB00000C06E12 /* PBXTargetDependency */ = {
			isa = PBXTargetDependency;
			target = F88E511D202FAFFF00C06E12 /* CashMeOutside */;
			targetProxy = F88E5133202FB00000C06E12 /* PBXContainerItemProxy */;
		};
		F88E513F202FB00000C06E12 /* PBXTargetDependency */ = {
			isa = PBXTargetDependency;
			target = F88E511D202FAFFF00C06E12 /* CashMeOutside */;
			targetProxy = F88E513E202FB00000C06E12 /* PBXContainerItemProxy */;
		};
/* End PBXTargetDependency section */

/* Begin PBXVariantGroup section */
		F88E5125202FAFFF00C06E12 /* Main.storyboard */ = {
			isa = PBXVariantGroup;
			children = (
				F88E5126202FAFFF00C06E12 /* Base */,
			);
			name = Main.storyboard;
			sourceTree = "<group>";
		};
		F88E512A202FAFFF00C06E12 /* LaunchScreen.storyboard */ = {
			isa = PBXVariantGroup;
			children = (
				F88E512B202FAFFF00C06E12 /* Base */,
			);
			name = LaunchScreen.storyboard;
			sourceTree = "<group>";
		};
/* End PBXVariantGroup section */

/* Begin XCBuildConfiguration section */
		F88E5144202FB00000C06E12 /* Debug */ = {
			isa = XCBuildConfiguration;
			buildSettings = {
				ALWAYS_SEARCH_USER_PATHS = NO;
				CLANG_ANALYZER_NONNULL = YES;
				CLANG_ANALYZER_NUMBER_OBJECT_CONVERSION = YES_AGGRESSIVE;
				CLANG_CXX_LANGUAGE_STANDARD = "gnu++14";
				CLANG_CXX_LIBRARY = "libc++";
				CLANG_ENABLE_MODULES = YES;
				CLANG_ENABLE_OBJC_ARC = YES;
				CLANG_WARN_BLOCK_CAPTURE_AUTORELEASING = YES;
				CLANG_WARN_BOOL_CONVERSION = YES;
				CLANG_WARN_COMMA = YES;
				CLANG_WARN_CONSTANT_CONVERSION = YES;
				CLANG_WARN_DIRECT_OBJC_ISA_USAGE = YES_ERROR;
				CLANG_WARN_DOCUMENTATION_COMMENTS = YES;
				CLANG_WARN_EMPTY_BODY = YES;
				CLANG_WARN_ENUM_CONVERSION = YES;
				CLANG_WARN_INFINITE_RECURSION = YES;
				CLANG_WARN_INT_CONVERSION = YES;
				CLANG_WARN_NON_LITERAL_NULL_CONVERSION = YES;
				CLANG_WARN_OBJC_LITERAL_CONVERSION = YES;
				CLANG_WARN_OBJC_ROOT_CLASS = YES_ERROR;
				CLANG_WARN_RANGE_LOOP_ANALYSIS = YES;
				CLANG_WARN_STRICT_PROTOTYPES = YES;
				CLANG_WARN_SUSPICIOUS_MOVE = YES;
				CLANG_WARN_UNGUARDED_AVAILABILITY = YES_AGGRESSIVE;
				CLANG_WARN_UNREACHABLE_CODE = YES;
				CLANG_WARN__DUPLICATE_METHOD_MATCH = YES;
				CODE_SIGN_IDENTITY = "iPhone Developer";
				COPY_PHASE_STRIP = NO;
				DEBUG_INFORMATION_FORMAT = dwarf;
				ENABLE_STRICT_OBJC_MSGSEND = YES;
				ENABLE_TESTABILITY = YES;
				GCC_C_LANGUAGE_STANDARD = gnu11;
				GCC_DYNAMIC_NO_PIC = NO;
				GCC_NO_COMMON_BLOCKS = YES;
				GCC_OPTIMIZATION_LEVEL = 0;
				GCC_PREPROCESSOR_DEFINITIONS = (
					"DEBUG=1",
					"$(inherited)",
				);
				GCC_WARN_64_TO_32_BIT_CONVERSION = YES;
				GCC_WARN_ABOUT_RETURN_TYPE = YES_ERROR;
				GCC_WARN_UNDECLARED_SELECTOR = YES;
				GCC_WARN_UNINITIALIZED_AUTOS = YES_AGGRESSIVE;
				GCC_WARN_UNUSED_FUNCTION = YES;
				GCC_WARN_UNUSED_VARIABLE = YES;
				IPHONEOS_DEPLOYMENT_TARGET = 11.2;
				MTL_ENABLE_DEBUG_INFO = YES;
				ONLY_ACTIVE_ARCH = YES;
				SDKROOT = iphoneos;
				SWIFT_ACTIVE_COMPILATION_CONDITIONS = DEBUG;
				SWIFT_OPTIMIZATION_LEVEL = "-Onone";
			};
			name = Debug;
		};
		F88E5145202FB00000C06E12 /* Release */ = {
			isa = XCBuildConfiguration;
			buildSettings = {
				ALWAYS_SEARCH_USER_PATHS = NO;
				CLANG_ANALYZER_NONNULL = YES;
				CLANG_ANALYZER_NUMBER_OBJECT_CONVERSION = YES_AGGRESSIVE;
				CLANG_CXX_LANGUAGE_STANDARD = "gnu++14";
				CLANG_CXX_LIBRARY = "libc++";
				CLANG_ENABLE_MODULES = YES;
				CLANG_ENABLE_OBJC_ARC = YES;
				CLANG_WARN_BLOCK_CAPTURE_AUTORELEASING = YES;
				CLANG_WARN_BOOL_CONVERSION = YES;
				CLANG_WARN_COMMA = YES;
				CLANG_WARN_CONSTANT_CONVERSION = YES;
				CLANG_WARN_DIRECT_OBJC_ISA_USAGE = YES_ERROR;
				CLANG_WARN_DOCUMENTATION_COMMENTS = YES;
				CLANG_WARN_EMPTY_BODY = YES;
				CLANG_WARN_ENUM_CONVERSION = YES;
				CLANG_WARN_INFINITE_RECURSION = YES;
				CLANG_WARN_INT_CONVERSION = YES;
				CLANG_WARN_NON_LITERAL_NULL_CONVERSION = YES;
				CLANG_WARN_OBJC_LITERAL_CONVERSION = YES;
				CLANG_WARN_OBJC_ROOT_CLASS = YES_ERROR;
				CLANG_WARN_RANGE_LOOP_ANALYSIS = YES;
				CLANG_WARN_STRICT_PROTOTYPES = YES;
				CLANG_WARN_SUSPICIOUS_MOVE = YES;
				CLANG_WARN_UNGUARDED_AVAILABILITY = YES_AGGRESSIVE;
				CLANG_WARN_UNREACHABLE_CODE = YES;
				CLANG_WARN__DUPLICATE_METHOD_MATCH = YES;
				CODE_SIGN_IDENTITY = "iPhone Developer";
				COPY_PHASE_STRIP = NO;
				DEBUG_INFORMATION_FORMAT = "dwarf-with-dsym";
				ENABLE_NS_ASSERTIONS = NO;
				ENABLE_STRICT_OBJC_MSGSEND = YES;
				GCC_C_LANGUAGE_STANDARD = gnu11;
				GCC_NO_COMMON_BLOCKS = YES;
				GCC_WARN_64_TO_32_BIT_CONVERSION = YES;
				GCC_WARN_ABOUT_RETURN_TYPE = YES_ERROR;
				GCC_WARN_UNDECLARED_SELECTOR = YES;
				GCC_WARN_UNINITIALIZED_AUTOS = YES_AGGRESSIVE;
				GCC_WARN_UNUSED_FUNCTION = YES;
				GCC_WARN_UNUSED_VARIABLE = YES;
				IPHONEOS_DEPLOYMENT_TARGET = 11.2;
				MTL_ENABLE_DEBUG_INFO = NO;
				SDKROOT = iphoneos;
				SWIFT_OPTIMIZATION_LEVEL = "-Owholemodule";
				VALIDATE_PRODUCT = YES;
			};
			name = Release;
		};
		F88E5147202FB00000C06E12 /* Debug */ = {
			isa = XCBuildConfiguration;
			baseConfigurationReference = DD1B1414D39385ED3918D817 /* Pods-CashMeOutside.debug.xcconfig */;
			buildSettings = {
				ASSETCATALOG_COMPILER_APPICON_NAME = AppIcon;
				CODE_SIGN_STYLE = Automatic;
				DEVELOPMENT_TEAM = 6JTJHCFQH8;
				INFOPLIST_FILE = CashMeOutside/Info.plist;
				LD_RUNPATH_SEARCH_PATHS = "$(inherited) @executable_path/Frameworks";
				PRODUCT_BUNDLE_IDENTIFIER = dchack.CashMeOutside;
				PRODUCT_NAME = "$(TARGET_NAME)";
				SWIFT_VERSION = 4.0;
				TARGETED_DEVICE_FAMILY = "1,2";
			};
			name = Debug;
		};
		F88E5148202FB00000C06E12 /* Release */ = {
			isa = XCBuildConfiguration;
			baseConfigurationReference = 67434D55DE28D9F4450F42E5 /* Pods-CashMeOutside.release.xcconfig */;
			buildSettings = {
				ASSETCATALOG_COMPILER_APPICON_NAME = AppIcon;
				CODE_SIGN_STYLE = Automatic;
				DEVELOPMENT_TEAM = 6JTJHCFQH8;
				INFOPLIST_FILE = CashMeOutside/Info.plist;
				LD_RUNPATH_SEARCH_PATHS = "$(inherited) @executable_path/Frameworks";
				PRODUCT_BUNDLE_IDENTIFIER = dchack.CashMeOutside;
				PRODUCT_NAME = "$(TARGET_NAME)";
				SWIFT_VERSION = 4.0;
				TARGETED_DEVICE_FAMILY = "1,2";
			};
			name = Release;
		};
		F88E514A202FB00000C06E12 /* Debug */ = {
			isa = XCBuildConfiguration;
			baseConfigurationReference = 1B0FBA495D95ADED03D95F10 /* Pods-CashMeOutsideTests.debug.xcconfig */;
			buildSettings = {
				ALWAYS_EMBED_SWIFT_STANDARD_LIBRARIES = YES;
				BUNDLE_LOADER = "$(TEST_HOST)";
				CODE_SIGN_STYLE = Automatic;
				DEVELOPMENT_TEAM = 6JTJHCFQH8;
				INFOPLIST_FILE = CashMeOutsideTests/Info.plist;
				LD_RUNPATH_SEARCH_PATHS = "$(inherited) @executable_path/Frameworks @loader_path/Frameworks";
				PRODUCT_BUNDLE_IDENTIFIER = dchack.CashMeOutsideTests;
				PRODUCT_NAME = "$(TARGET_NAME)";
				SWIFT_VERSION = 4.0;
				TARGETED_DEVICE_FAMILY = "1,2";
				TEST_HOST = "$(BUILT_PRODUCTS_DIR)/CashMeOutside.app/CashMeOutside";
			};
			name = Debug;
		};
		F88E514B202FB00000C06E12 /* Release */ = {
			isa = XCBuildConfiguration;
			baseConfigurationReference = A40D1292C771EADEE6C9BFBA /* Pods-CashMeOutsideTests.release.xcconfig */;
			buildSettings = {
				ALWAYS_EMBED_SWIFT_STANDARD_LIBRARIES = YES;
				BUNDLE_LOADER = "$(TEST_HOST)";
				CODE_SIGN_STYLE = Automatic;
				DEVELOPMENT_TEAM = 6JTJHCFQH8;
				INFOPLIST_FILE = CashMeOutsideTests/Info.plist;
				LD_RUNPATH_SEARCH_PATHS = "$(inherited) @executable_path/Frameworks @loader_path/Frameworks";
				PRODUCT_BUNDLE_IDENTIFIER = dchack.CashMeOutsideTests;
				PRODUCT_NAME = "$(TARGET_NAME)";
				SWIFT_VERSION = 4.0;
				TARGETED_DEVICE_FAMILY = "1,2";
				TEST_HOST = "$(BUILT_PRODUCTS_DIR)/CashMeOutside.app/CashMeOutside";
			};
			name = Release;
		};
		F88E514D202FB00000C06E12 /* Debug */ = {
			isa = XCBuildConfiguration;
			baseConfigurationReference = 08485796D2D9DC698EE4E439 /* Pods-CashMeOutsideUITests.debug.xcconfig */;
			buildSettings = {
				ALWAYS_EMBED_SWIFT_STANDARD_LIBRARIES = YES;
				CODE_SIGN_STYLE = Automatic;
				DEVELOPMENT_TEAM = 6JTJHCFQH8;
				INFOPLIST_FILE = CashMeOutsideUITests/Info.plist;
				LD_RUNPATH_SEARCH_PATHS = "$(inherited) @executable_path/Frameworks @loader_path/Frameworks";
				PRODUCT_BUNDLE_IDENTIFIER = dchack.CashMeOutsideUITests;
				PRODUCT_NAME = "$(TARGET_NAME)";
				SWIFT_VERSION = 4.0;
				TARGETED_DEVICE_FAMILY = "1,2";
				TEST_TARGET_NAME = CashMeOutside;
			};
			name = Debug;
		};
		F88E514E202FB00000C06E12 /* Release */ = {
			isa = XCBuildConfiguration;
			baseConfigurationReference = 664604166BDFAF131D6526FA /* Pods-CashMeOutsideUITests.release.xcconfig */;
			buildSettings = {
				ALWAYS_EMBED_SWIFT_STANDARD_LIBRARIES = YES;
				CODE_SIGN_STYLE = Automatic;
				DEVELOPMENT_TEAM = 6JTJHCFQH8;
				INFOPLIST_FILE = CashMeOutsideUITests/Info.plist;
				LD_RUNPATH_SEARCH_PATHS = "$(inherited) @executable_path/Frameworks @loader_path/Frameworks";
				PRODUCT_BUNDLE_IDENTIFIER = dchack.CashMeOutsideUITests;
				PRODUCT_NAME = "$(TARGET_NAME)";
				SWIFT_VERSION = 4.0;
				TARGETED_DEVICE_FAMILY = "1,2";
				TEST_TARGET_NAME = CashMeOutside;
			};
			name = Release;
		};
/* End XCBuildConfiguration section */

/* Begin XCConfigurationList section */
		F88E5119202FAFFF00C06E12 /* Build configuration list for PBXProject "CashMeOutside" */ = {
			isa = XCConfigurationList;
			buildConfigurations = (
				F88E5144202FB00000C06E12 /* Debug */,
				F88E5145202FB00000C06E12 /* Release */,
			);
			defaultConfigurationIsVisible = 0;
			defaultConfigurationName = Release;
		};
		F88E5146202FB00000C06E12 /* Build configuration list for PBXNativeTarget "CashMeOutside" */ = {
			isa = XCConfigurationList;
			buildConfigurations = (
				F88E5147202FB00000C06E12 /* Debug */,
				F88E5148202FB00000C06E12 /* Release */,
			);
			defaultConfigurationIsVisible = 0;
			defaultConfigurationName = Release;
		};
		F88E5149202FB00000C06E12 /* Build configuration list for PBXNativeTarget "CashMeOutsideTests" */ = {
			isa = XCConfigurationList;
			buildConfigurations = (
				F88E514A202FB00000C06E12 /* Debug */,
				F88E514B202FB00000C06E12 /* Release */,
			);
			defaultConfigurationIsVisible = 0;
			defaultConfigurationName = Release;
		};
		F88E514C202FB00000C06E12 /* Build configuration list for PBXNativeTarget "CashMeOutsideUITests" */ = {
			isa = XCConfigurationList;
			buildConfigurations = (
				F88E514D202FB00000C06E12 /* Debug */,
				F88E514E202FB00000C06E12 /* Release */,
			);
			defaultConfigurationIsVisible = 0;
			defaultConfigurationName = Release;
		};
/* End XCConfigurationList section */
	};
	rootObject = F88E5116202FAFFF00C06E12 /* Project object */;
}
